
Microsoft Visual Studio Solution File, Format Version 12.00
# Visual Studio 2013
VisualStudioVersion = 12.0.31101.0
MinimumVisualStudioVersion = 10.0.40219.1
Project("{FAE04EC0-301F-11D3-BF4B-00C04F79EFBC}") = "NDS39.Owin.Web", "NDS39.Owin.Web\NDS39.Owin.Web.csproj", "{14A792C2-F0A9-43B4-B224-9105C52E75BB}"
EndProject
Global
	GlobalSection(SolutionConfigurationPlatforms) = preSolution
		Debug|Any CPU = Debug|Any CPU
		Release|Any CPU = Release|Any CPU
	EndGlobalSection
	GlobalSection(ProjectConfigurationPlatforms) = postSolution
		{14A792C2-F0A9-43B4-B224-9105C52E75BB}.Debug|Any CPU.ActiveCfg = Debug|Any CPU
		{14A792C2-F0A9-43B4-B224-9105C52E75BB}.Debug|Any CPU.Build.0 = Debug|Any CPU
		{14A792C2-F0A9-43B4-B224-9105C52E75BB}.Release|Any CPU.ActiveCfg = Release|Any CPU
		{14A792C2-F0A9-43B4-B224-9105C52E75BB}.Release|Any CPU.Build.0 = Release|Any CPU
	EndGlobalSection
	GlobalSection(SolutionProperties) = preSolution
		HideSolutionNode = FALSE
	EndGlobalSection
EndGlobal
